
Microsoft Visual Studio Solution File, Format Version 12.00
# Visual Studio Version 17
VisualStudioVersion = 17.7.34031.279
MinimumVisualStudioVersion = 10.0.40219.1
Project("{9A19103F-16F7-4668-BE54-9A1E7A4F7556}") = "Clothing-Store", "Clothing-Store.csproj", "{ED0D8DDF-44E1-48C4-91FF-A61309DF6D94}"
EndProject
Project("{9A19103F-16F7-4668-BE54-9A1E7A4F7556}") = "Clothing-Store.Data", "..\Clothing-Store.Data\Clothing-Store.Data.csproj", "{E7FCC059-A332-4795-9CF3-8D641B287F61}"
EndProject
Project("{9A19103F-16F7-4668-BE54-9A1E7A4F7556}") = "Clothing-Store-Tests", "..\Clothing-Store-Tests\Clothing-Store-Tests.csproj", "{95165C03-5D2A-4915-9999-FF145D3B8E7F}"
EndProject
Project("{9A19103F-16F7-4668-BE54-9A1E7A4F7556}") = "Clothing-Store.Common", "..\Clothing-Store.Common\Clothing-Store.Common.csproj", "{E123AFD5-4BF0-4CFE-85C0-BB825455779E}"
EndProject
Project("{9A19103F-16F7-4668-BE54-9A1E7A4F7556}") = "Clothing-Store.Core", "..\Clothing-Store.Core\Clothing-Store.Core.csproj", "{BD09EB32-4BA9-46DE-AF62-BF6D54C0B7FB}"
EndProject
Global
	GlobalSection(SolutionConfigurationPlatforms) = preSolution
		Debug|Any CPU = Debug|Any CPU
		Release|Any CPU = Release|Any CPU
	EndGlobalSection
	GlobalSection(ProjectConfigurationPlatforms) = postSolution
		{ED0D8DDF-44E1-48C4-91FF-A61309DF6D94}.Debug|Any CPU.ActiveCfg = Debug|Any CPU
		{ED0D8DDF-44E1-48C4-91FF-A61309DF6D94}.Debug|Any CPU.Build.0 = Debug|Any CPU
		{ED0D8DDF-44E1-48C4-91FF-A61309DF6D94}.Release|Any CPU.ActiveCfg = Release|Any CPU
		{ED0D8DDF-44E1-48C4-91FF-A61309DF6D94}.Release|Any CPU.Build.0 = Release|Any CPU
		{E7FCC059-A332-4795-9CF3-8D641B287F61}.Debug|Any CPU.ActiveCfg = Debug|Any CPU
		{E7FCC059-A332-4795-9CF3-8D641B287F61}.Debug|Any CPU.Build.0 = Debug|Any CPU
		{E7FCC059-A332-4795-9CF3-8D641B287F61}.Release|Any CPU.ActiveCfg = Release|Any CPU
		{E7FCC059-A332-4795-9CF3-8D641B287F61}.Release|Any CPU.Build.0 = Release|Any CPU
		{95165C03-5D2A-4915-9999-FF145D3B8E7F}.Debug|Any CPU.ActiveCfg = Debug|Any CPU
		{95165C03-5D2A-4915-9999-FF145D3B8E7F}.Debug|Any CPU.Build.0 = Debug|Any CPU
		{95165C03-5D2A-4915-9999-FF145D3B8E7F}.Release|Any CPU.ActiveCfg = Release|Any CPU
		{95165C03-5D2A-4915-9999-FF145D3B8E7F}.Release|Any CPU.Build.0 = Release|Any CPU
		{E123AFD5-4BF0-4CFE-85C0-BB825455779E}.Debug|Any CPU.ActiveCfg = Debug|Any CPU
		{E123AFD5-4BF0-4CFE-85C0-BB825455779E}.Debug|Any CPU.Build.0 = Debug|Any CPU
		{E123AFD5-4BF0-4CFE-85C0-BB825455779E}.Release|Any CPU.ActiveCfg = Release|Any CPU
		{E123AFD5-4BF0-4CFE-85C0-BB825455779E}.Release|Any CPU.Build.0 = Release|Any CPU
		{BD09EB32-4BA9-46DE-AF62-BF6D54C0B7FB}.Debug|Any CPU.ActiveCfg = Debug|Any CPU
		{BD09EB32-4BA9-46DE-AF62-BF6D54C0B7FB}.Debug|Any CPU.Build.0 = Debug|Any CPU
		{BD09EB32-4BA9-46DE-AF62-BF6D54C0B7FB}.Release|Any CPU.ActiveCfg = Release|Any CPU
		{BD09EB32-4BA9-46DE-AF62-BF6D54C0B7FB}.Release|Any CPU.Build.0 = Release|Any CPU
	EndGlobalSection
	GlobalSection(SolutionProperties) = preSolution
		HideSolutionNode = FALSE
	EndGlobalSection
	GlobalSection(ExtensibilityGlobals) = postSolution
		SolutionGuid = {284D5AED-736F-48B7-BC11-677D3C733743}
	EndGlobalSection
EndGlobal
